
Microsoft Visual Studio Solution File, Format Version 12.00
# Visual Studio Version 17
VisualStudioVersion = 17.7.34009.444
MinimumVisualStudioVersion = 10.0.40219.1
Project("{FAE04EC0-301F-11D3-BF4B-00C04F79EFBC}") = "ExePedroIII", "ExePedroIII\ExePedroIII.csproj", "{B82A6494-3033-48F8-8AC3-924CE0227620}"
EndProject
Global
	GlobalSection(SolutionConfigurationPlatforms) = preSolution
		Debug|Any CPU = Debug|Any CPU
		Release|Any CPU = Release|Any CPU
	EndGlobalSection
	GlobalSection(ProjectConfigurationPlatforms) = postSolution
		{B82A6494-3033-48F8-8AC3-924CE0227620}.Debug|Any CPU.ActiveCfg = Debug|Any CPU
		{B82A6494-3033-48F8-8AC3-924CE0227620}.Debug|Any CPU.Build.0 = Debug|Any CPU
		{B82A6494-3033-48F8-8AC3-924CE0227620}.Release|Any CPU.ActiveCfg = Release|Any CPU
		{B82A6494-3033-48F8-8AC3-924CE0227620}.Release|Any CPU.Build.0 = Release|Any CPU
	EndGlobalSection
	GlobalSection(SolutionProperties) = preSolution
		HideSolutionNode = FALSE
	EndGlobalSection
	GlobalSection(ExtensibilityGlobals) = postSolution
		SolutionGuid = {14773D53-E6A5-4FD7-9EF7-BF5EC83C34F3}
	EndGlobalSection
EndGlobal
